
Microsoft Visual Studio Solution File, Format Version 12.00
# Visual Studio 15
VisualStudioVersion = 15.0.27428.2037
MinimumVisualStudioVersion = 10.0.40219.1
Project("{FAE04EC0-301F-11D3-BF4B-00C04F79EFBC}") = "Darts", "Darts\Darts.csproj", "{36C90BDF-748F-4547-BDB6-0415CB9D772C}"
EndProject
Project("{FAE04EC0-301F-11D3-BF4B-00C04F79EFBC}") = "BI", "..\BI\BI.csproj", "{3A051433-A198-44E8-A765-188EDCB81820}"
EndProject
Project("{FAE04EC0-301F-11D3-BF4B-00C04F79EFBC}") = "DTO", "DTO\DTO.csproj", "{28810F69-B041-47F8-A90C-1966DECB6676}"
EndProject
Project("{2150E333-8FDC-42A3-9474-1A3956D46DE8}") = "Test", "Test", "{90250A13-5DC3-4062-A679-E290F48CCF4E}"
EndProject
Project("{FAE04EC0-301F-11D3-BF4B-00C04F79EFBC}") = "DTOTest", "DTOTest\DTOTest.csproj", "{1FD79022-67B5-4B40-9C0C-1325212E401D}"
EndProject
Global
	GlobalSection(SolutionConfigurationPlatforms) = preSolution
		Debug|Any CPU = Debug|Any CPU
		Release|Any CPU = Release|Any CPU
	EndGlobalSection
	GlobalSection(ProjectConfigurationPlatforms) = postSolution
		{36C90BDF-748F-4547-BDB6-0415CB9D772C}.Debug|Any CPU.ActiveCfg = Debug|Any CPU
		{36C90BDF-748F-4547-BDB6-0415CB9D772C}.Debug|Any CPU.Build.0 = Debug|Any CPU
		{36C90BDF-748F-4547-BDB6-0415CB9D772C}.Release|Any CPU.ActiveCfg = Release|Any CPU
		{36C90BDF-748F-4547-BDB6-0415CB9D772C}.Release|Any CPU.Build.0 = Release|Any CPU
		{3A051433-A198-44E8-A765-188EDCB81820}.Debug|Any CPU.ActiveCfg = Debug|Any CPU
		{3A051433-A198-44E8-A765-188EDCB81820}.Debug|Any CPU.Build.0 = Debug|Any CPU
		{3A051433-A198-44E8-A765-188EDCB81820}.Release|Any CPU.ActiveCfg = Release|Any CPU
		{3A051433-A198-44E8-A765-188EDCB81820}.Release|Any CPU.Build.0 = Release|Any CPU
		{28810F69-B041-47F8-A90C-1966DECB6676}.Debug|Any CPU.ActiveCfg = Debug|Any CPU
		{28810F69-B041-47F8-A90C-1966DECB6676}.Debug|Any CPU.Build.0 = Debug|Any CPU
		{28810F69-B041-47F8-A90C-1966DECB6676}.Release|Any CPU.ActiveCfg = Release|Any CPU
		{28810F69-B041-47F8-A90C-1966DECB6676}.Release|Any CPU.Build.0 = Release|Any CPU
		{1FD79022-67B5-4B40-9C0C-1325212E401D}.Debug|Any CPU.ActiveCfg = Debug|Any CPU
		{1FD79022-67B5-4B40-9C0C-1325212E401D}.Debug|Any CPU.Build.0 = Debug|Any CPU
		{1FD79022-67B5-4B40-9C0C-1325212E401D}.Release|Any CPU.ActiveCfg = Release|Any CPU
		{1FD79022-67B5-4B40-9C0C-1325212E401D}.Release|Any CPU.Build.0 = Release|Any CPU
	EndGlobalSection
	GlobalSection(SolutionProperties) = preSolution
		HideSolutionNode = FALSE
	EndGlobalSection
	GlobalSection(NestedProjects) = preSolution
		{1FD79022-67B5-4B40-9C0C-1325212E401D} = {90250A13-5DC3-4062-A679-E290F48CCF4E}
	EndGlobalSection
	GlobalSection(ExtensibilityGlobals) = postSolution
		SolutionGuid = {07521C7C-DFEC-452D-920B-A69A2DDEAA04}
	EndGlobalSection
EndGlobal
